# THIS IS AN AUTOGENERATED FILE. DO NOT EDIT THIS FILE DIRECTLY.
# yarn lockfile v1


babar@^0.2.0:
  version "0.2.0"
  resolved "https://registry.yarnpkg.com/babar/-/babar-0.2.0.tgz#79bc0f029721467207f2b6baedf96b3938ad7db0"
  integrity sha512-bH01czBTWEbf7Q6qje/4raQEG14jhPTQJmpj1Uxzw92VCr9yQcCWN+SbKTg34aOvWDs6wrhjfr6SGC8AaeSzaA==
  dependencies:
    colors "~0.6.2"

colors@~0.6.2:
  version "0.6.2"
  resolved "https://registry.yarnpkg.com/colors/-/colors-0.6.2.tgz#2423fe6678ac0c5dae8852e5d0e5be08c997abcc"
  integrity sha1-JCP+ZnisDF2uiFLl0OW+CMmXq8w=
