# THIS IS AN AUTOGENERATED FILE. DO NOT EDIT THIS FILE DIRECTLY.
# yarn lockfile v1


babar@^0.2.0:
  version "0.2.0"
  resolved "https://registry.yarnpkg.com/babar/-/babar-0.2.0.tgz#79bc0f029721467207f2b6baedf96b3938ad7db0"
  integrity sha512-bH01czBTWEbf7Q6qje/4raQEG14jhPTQJmpj1Uxzw92VCr9yQcCWN+SbKTg34aOvWDs6wrhjfr6SGC8AaeSzaA==
  dependencies:
    colors "~0.6.2"

charm@*:
  version "1.0.2"
  resolved "https://registry.yarnpkg.com/charm/-/charm-1.0.2.tgz#8add367153a6d9a581331052c4090991da995e35"
  integrity sha1-it02cVOm2aWBMxBSxAkJkdqZXjU=
  dependencies:
    inherits "^2.0.1"

cli-chart@^0.3.1:
  version "0.3.1"
  resolved "https://registry.yarnpkg.com/cli-chart/-/cli-chart-0.3.1.tgz#f0e2e6eb9e015a61fe7e558d04eca2a4254752a7"
  integrity sha1-8OLm654BWmH+flWNBOyipCVHUqc=
  dependencies:
    charm "*"

colors@~0.6.2:
  version "0.6.2"
  resolved "https://registry.yarnpkg.com/colors/-/colors-0.6.2.tgz#2423fe6678ac0c5dae8852e5d0e5be08c997abcc"
  integrity sha1-JCP+ZnisDF2uiFLl0OW+CMmXq8w=

inherits@^2.0.1:
  version "2.0.4"
  resolved "https://registry.yarnpkg.com/inherits/-/inherits-2.0.4.tgz#0fa2c64f932917c3433a0ded55363aae37416b7c"
  integrity sha512-k/vGaX4/Yla3WzyMCvTQOXYeIHvqOKtnqBduzTHpzpQZzAskKMhZ2K+EnBiSM9zGSoIFeMpXKxa4dYeZIQqewQ==
